Microsoft Visual Studio Solution File, Format Version 12.00
# Visual Studio Version 17
VisualStudioVersion = 17.5.2.0
MinimumVisualStudioVersion = 10.0.40219.1
Project("{FAE04EC0-301F-11D3-BF4B-00C04F79EFBC}") = "LugamarVTT", "Lugamar VTT\LugamarVTT.csproj", "{14136E20-B19D-9648-0BD8-74A0FB83B852}"
EndProject
Global
	GlobalSection(SolutionConfigurationPlatforms) = preSolution
		Debug|Any CPU = Debug|Any CPU
		Release|Any CPU = Release|Any CPU
	EndGlobalSection
	GlobalSection(ProjectConfigurationPlatforms) = postSolution
		{14136E20-B19D-9648-0BD8-74A0FB83B852}.Debug|Any CPU.ActiveCfg = Debug|Any CPU
		{14136E20-B19D-9648-0BD8-74A0FB83B852}.Debug|Any CPU.Build.0 = Debug|Any CPU
		{14136E20-B19D-9648-0BD8-74A0FB83B852}.Release|Any CPU.ActiveCfg = Release|Any CPU
		{14136E20-B19D-9648-0BD8-74A0FB83B852}.Release|Any CPU.Build.0 = Release|Any CPU
	EndGlobalSection
	GlobalSection(SolutionProperties) = preSolution
		HideSolutionNode = FALSE
	EndGlobalSection
	GlobalSection(ExtensibilityGlobals) = postSolution
		SolutionGuid = {94989E75-FA96-465C-997E-12FAEB2B22F8}
	EndGlobalSection
EndGlobal
